
Microsoft Visual Studio Solution File, Format Version 12.00
# Visual Studio Version 17
VisualStudioVersion = 17.5.33516.290
MinimumVisualStudioVersion = 10.0.40219.1
Project("{2150E333-8FDC-42A3-9474-1A3956D46DE8}") = "src", "src", "{87444F08-6979-4A1B-9768-2457A6D7A08F}"
EndProject
Project("{2150E333-8FDC-42A3-9474-1A3956D46DE8}") = "WebMVC", "WebMVC", "{7722751E-5BAB-41CF-BAA1-31E75F2BA545}"
EndProject
Project("{2150E333-8FDC-42A3-9474-1A3956D46DE8}") = "WebAPI", "WebAPI", "{7E967AD8-0D71-44BF-BA70-5E25C6ED29C0}"
EndProject
Project("{2150E333-8FDC-42A3-9474-1A3956D46DE8}") = "Application", "Application", "{8BE112CF-7196-49BE-A8ED-DC41F33C7012}"
EndProject
Project("{2150E333-8FDC-42A3-9474-1A3956D46DE8}") = "Infrastructure", "Infrastructure", "{6C4E8165-0367-41C3-9F0D-31EAC1D3D195}"
EndProject
Project("{2150E333-8FDC-42A3-9474-1A3956D46DE8}") = "API", "API", "{22C1E53D-0762-4EFD-B36D-ED64855CDB99}"
EndProject
Project("{2150E333-8FDC-42A3-9474-1A3956D46DE8}") = "Application", "Application", "{7C0C0B16-75F5-4FBA-B281-856A06E9B0B7}"
EndProject
Project("{2150E333-8FDC-42A3-9474-1A3956D46DE8}") = "Domains", "Domains", "{0A381B04-72FA-4DD8-8F29-E2A69AD15BE2}"
EndProject
Project("{2150E333-8FDC-42A3-9474-1A3956D46DE8}") = "Infrastructure", "Infrastructure", "{79F477ED-E723-411D-8058-CF62FAFCE467}"
EndProject
Project("{2150E333-8FDC-42A3-9474-1A3956D46DE8}") = "WebUI", "WebUI", "{AD683624-F43F-4146-A3BA-98B9E3B45865}"
EndProject
Project("{9A19103F-16F7-4668-BE54-9A1E7A4F7556}") = "GraduateAppProject.Infrastructure", "src\WebAPI\Infrastructure\GraduateAppProject.Infrastructure\GraduateAppProject.Infrastructure.csproj", "{10E86D64-6A73-49C0-B82F-C12B417D0BFC}"
EndProject
Project("{9A19103F-16F7-4668-BE54-9A1E7A4F7556}") = "GraduateAppProject.API", "src\WebAPI\API\GraduateAppProject.API\GraduateAppProject.API.csproj", "{A3FAD940-F012-4C5D-9646-441089C2DAE7}"
EndProject
Project("{9A19103F-16F7-4668-BE54-9A1E7A4F7556}") = "GraduateAppProject.Services", "src\WebAPI\Application\GraduateAppProject.Services\GraduateAppProject.Services.csproj", "{894D885C-43A1-4BE4-9AA5-17EA0259817F}"
EndProject
Project("{9A19103F-16F7-4668-BE54-9A1E7A4F7556}") = "GraduateAppProject.Repositories", "src\WebAPI\Infrastructure\GraduateAppProject.Repositories\GraduateAppProject.Repositories.csproj", "{28F4E398-5097-4BD8-AE33-64F687731A2C}"
EndProject
Project("{9A19103F-16F7-4668-BE54-9A1E7A4F7556}") = "GraduateAppProject.DataTransferObjects", "src\WebAPI\Application\GraduateAppProject.DataTransferObjects\GraduateAppProject.DataTransferObjects.csproj", "{7F0C5701-75DD-4C64-AD17-1371BD3E0636}"
EndProject
Project("{9A19103F-16F7-4668-BE54-9A1E7A4F7556}") = "GraduateAppProject.MVC", "src\WebMVC\WebUI\GraduateAppProject.MVC\GraduateAppProject.MVC.csproj", "{A99BF8CF-9628-4780-80D4-9524D779779F}"
EndProject
Project("{FAE04EC0-301F-11D3-BF4B-00C04F79EFBC}") = "GraduateAppProject.DataTransferObjects", "src\WebMVC\Application\GraduateAppProject.DataTransferObjects\GraduateAppProject.DataTransferObjects.csproj", "{6104A8BC-B4CC-4CE1-BDCC-8DB045EBB6F9}"
EndProject
Project("{FAE04EC0-301F-11D3-BF4B-00C04F79EFBC}") = "GraduateAppProject.WebMVC.Entities", "src\WebMVC\Domains\GraduateAppProject.Entities\GraduateAppProject.WebMVC.Entities.csproj", "{05721549-78EF-405A-A794-54C29250693E}"
EndProject
Project("{FAE04EC0-301F-11D3-BF4B-00C04F79EFBC}") = "GraduateAppProject.WebMVC.Infrastructure", "src\WebMVC\Infrastructure\GraduateAppProject.WebMVC.Infrastructure\GraduateAppProject.WebMVC.Infrastructure.csproj", "{CD5860CC-77AD-48AF-B2E5-851BCEDF5A4C}"
EndProject
Project("{FAE04EC0-301F-11D3-BF4B-00C04F79EFBC}") = "GraduateAppProject.WebMVC.Services", "src\WebMVC\Application\GraduateAppProject.WebMVC.Services\GraduateAppProject.WebMVC.Services.csproj", "{3BE7DEF1-AB38-449A-8149-6D5E763173CD}"
EndProject
Project("{FAE04EC0-301F-11D3-BF4B-00C04F79EFBC}") = "GraduateAppProject.WebMVC.Repositories", "src\WebMVC\Infrastructure\GraduateAppProject.WebMVC.Repositories\GraduateAppProject.WebMVC.Repositories.csproj", "{A515702C-DE30-4A29-B67C-69C94564CB6A}"
EndProject
Global
	GlobalSection(SolutionConfigurationPlatforms) = preSolution
		Debug|Any CPU = Debug|Any CPU
		Release|Any CPU = Release|Any CPU
	EndGlobalSection
	GlobalSection(ProjectConfigurationPlatforms) = postSolution
		{10E86D64-6A73-49C0-B82F-C12B417D0BFC}.Debug|Any CPU.ActiveCfg = Debug|Any CPU
		{10E86D64-6A73-49C0-B82F-C12B417D0BFC}.Debug|Any CPU.Build.0 = Debug|Any CPU
		{10E86D64-6A73-49C0-B82F-C12B417D0BFC}.Release|Any CPU.ActiveCfg = Release|Any CPU
		{10E86D64-6A73-49C0-B82F-C12B417D0BFC}.Release|Any CPU.Build.0 = Release|Any CPU
		{A3FAD940-F012-4C5D-9646-441089C2DAE7}.Debug|Any CPU.ActiveCfg = Debug|Any CPU
		{A3FAD940-F012-4C5D-9646-441089C2DAE7}.Debug|Any CPU.Build.0 = Debug|Any CPU
		{A3FAD940-F012-4C5D-9646-441089C2DAE7}.Release|Any CPU.ActiveCfg = Release|Any CPU
		{A3FAD940-F012-4C5D-9646-441089C2DAE7}.Release|Any CPU.Build.0 = Release|Any CPU
		{894D885C-43A1-4BE4-9AA5-17EA0259817F}.Debug|Any CPU.ActiveCfg = Debug|Any CPU
		{894D885C-43A1-4BE4-9AA5-17EA0259817F}.Debug|Any CPU.Build.0 = Debug|Any CPU
		{894D885C-43A1-4BE4-9AA5-17EA0259817F}.Release|Any CPU.ActiveCfg = Release|Any CPU
		{894D885C-43A1-4BE4-9AA5-17EA0259817F}.Release|Any CPU.Build.0 = Release|Any CPU
		{28F4E398-5097-4BD8-AE33-64F687731A2C}.Debug|Any CPU.ActiveCfg = Debug|Any CPU
		{28F4E398-5097-4BD8-AE33-64F687731A2C}.Debug|Any CPU.Build.0 = Debug|Any CPU
		{28F4E398-5097-4BD8-AE33-64F687731A2C}.Release|Any CPU.ActiveCfg = Release|Any CPU
		{28F4E398-5097-4BD8-AE33-64F687731A2C}.Release|Any CPU.Build.0 = Release|Any CPU
		{7F0C5701-75DD-4C64-AD17-1371BD3E0636}.Debug|Any CPU.ActiveCfg = Debug|Any CPU
		{7F0C5701-75DD-4C64-AD17-1371BD3E0636}.Debug|Any CPU.Build.0 = Debug|Any CPU
		{7F0C5701-75DD-4C64-AD17-1371BD3E0636}.Release|Any CPU.ActiveCfg = Release|Any CPU
		{7F0C5701-75DD-4C64-AD17-1371BD3E0636}.Release|Any CPU.Build.0 = Release|Any CPU
		{A99BF8CF-9628-4780-80D4-9524D779779F}.Debug|Any CPU.ActiveCfg = Debug|Any CPU
		{A99BF8CF-9628-4780-80D4-9524D779779F}.Debug|Any CPU.Build.0 = Debug|Any CPU
		{A99BF8CF-9628-4780-80D4-9524D779779F}.Release|Any CPU.ActiveCfg = Release|Any CPU
		{A99BF8CF-9628-4780-80D4-9524D779779F}.Release|Any CPU.Build.0 = Release|Any CPU
		{6104A8BC-B4CC-4CE1-BDCC-8DB045EBB6F9}.Debug|Any CPU.ActiveCfg = Debug|Any CPU
		{6104A8BC-B4CC-4CE1-BDCC-8DB045EBB6F9}.Debug|Any CPU.Build.0 = Debug|Any CPU
		{6104A8BC-B4CC-4CE1-BDCC-8DB045EBB6F9}.Release|Any CPU.ActiveCfg = Release|Any CPU
		{6104A8BC-B4CC-4CE1-BDCC-8DB045EBB6F9}.Release|Any CPU.Build.0 = Release|Any CPU
		{05721549-78EF-405A-A794-54C29250693E}.Debug|Any CPU.ActiveCfg = Debug|Any CPU
		{05721549-78EF-405A-A794-54C29250693E}.Debug|Any CPU.Build.0 = Debug|Any CPU
		{05721549-78EF-405A-A794-54C29250693E}.Release|Any CPU.ActiveCfg = Release|Any CPU
		{05721549-78EF-405A-A794-54C29250693E}.Release|Any CPU.Build.0 = Release|Any CPU
		{CD5860CC-77AD-48AF-B2E5-851BCEDF5A4C}.Debug|Any CPU.ActiveCfg = Debug|Any CPU
		{CD5860CC-77AD-48AF-B2E5-851BCEDF5A4C}.Debug|Any CPU.Build.0 = Debug|Any CPU
		{CD5860CC-77AD-48AF-B2E5-851BCEDF5A4C}.Release|Any CPU.ActiveCfg = Release|Any CPU
		{CD5860CC-77AD-48AF-B2E5-851BCEDF5A4C}.Release|Any CPU.Build.0 = Release|Any CPU
		{3BE7DEF1-AB38-449A-8149-6D5E763173CD}.Debug|Any CPU.ActiveCfg = Debug|Any CPU
		{3BE7DEF1-AB38-449A-8149-6D5E763173CD}.Debug|Any CPU.Build.0 = Debug|Any CPU
		{3BE7DEF1-AB38-449A-8149-6D5E763173CD}.Release|Any CPU.ActiveCfg = Release|Any CPU
		{3BE7DEF1-AB38-449A-8149-6D5E763173CD}.Release|Any CPU.Build.0 = Release|Any CPU
		{A515702C-DE30-4A29-B67C-69C94564CB6A}.Debug|Any CPU.ActiveCfg = Debug|Any CPU
		{A515702C-DE30-4A29-B67C-69C94564CB6A}.Debug|Any CPU.Build.0 = Debug|Any CPU
		{A515702C-DE30-4A29-B67C-69C94564CB6A}.Release|Any CPU.ActiveCfg = Release|Any CPU
		{A515702C-DE30-4A29-B67C-69C94564CB6A}.Release|Any CPU.Build.0 = Release|Any CPU
	EndGlobalSection
	GlobalSection(SolutionProperties) = preSolution
		HideSolutionNode = FALSE
	EndGlobalSection
	GlobalSection(NestedProjects) = preSolution
		{7722751E-5BAB-41CF-BAA1-31E75F2BA545} = {87444F08-6979-4A1B-9768-2457A6D7A08F}
		{7E967AD8-0D71-44BF-BA70-5E25C6ED29C0} = {87444F08-6979-4A1B-9768-2457A6D7A08F}
		{8BE112CF-7196-49BE-A8ED-DC41F33C7012} = {7E967AD8-0D71-44BF-BA70-5E25C6ED29C0}
		{6C4E8165-0367-41C3-9F0D-31EAC1D3D195} = {7E967AD8-0D71-44BF-BA70-5E25C6ED29C0}
		{22C1E53D-0762-4EFD-B36D-ED64855CDB99} = {7E967AD8-0D71-44BF-BA70-5E25C6ED29C0}
		{7C0C0B16-75F5-4FBA-B281-856A06E9B0B7} = {7722751E-5BAB-41CF-BAA1-31E75F2BA545}
		{0A381B04-72FA-4DD8-8F29-E2A69AD15BE2} = {7722751E-5BAB-41CF-BAA1-31E75F2BA545}
		{79F477ED-E723-411D-8058-CF62FAFCE467} = {7722751E-5BAB-41CF-BAA1-31E75F2BA545}
		{AD683624-F43F-4146-A3BA-98B9E3B45865} = {7722751E-5BAB-41CF-BAA1-31E75F2BA545}
		{10E86D64-6A73-49C0-B82F-C12B417D0BFC} = {6C4E8165-0367-41C3-9F0D-31EAC1D3D195}
		{A3FAD940-F012-4C5D-9646-441089C2DAE7} = {22C1E53D-0762-4EFD-B36D-ED64855CDB99}
		{894D885C-43A1-4BE4-9AA5-17EA0259817F} = {8BE112CF-7196-49BE-A8ED-DC41F33C7012}
		{28F4E398-5097-4BD8-AE33-64F687731A2C} = {6C4E8165-0367-41C3-9F0D-31EAC1D3D195}
		{7F0C5701-75DD-4C64-AD17-1371BD3E0636} = {8BE112CF-7196-49BE-A8ED-DC41F33C7012}
		{A99BF8CF-9628-4780-80D4-9524D779779F} = {AD683624-F43F-4146-A3BA-98B9E3B45865}
		{6104A8BC-B4CC-4CE1-BDCC-8DB045EBB6F9} = {7C0C0B16-75F5-4FBA-B281-856A06E9B0B7}
		{05721549-78EF-405A-A794-54C29250693E} = {0A381B04-72FA-4DD8-8F29-E2A69AD15BE2}
		{CD5860CC-77AD-48AF-B2E5-851BCEDF5A4C} = {79F477ED-E723-411D-8058-CF62FAFCE467}
		{3BE7DEF1-AB38-449A-8149-6D5E763173CD} = {7C0C0B16-75F5-4FBA-B281-856A06E9B0B7}
		{A515702C-DE30-4A29-B67C-69C94564CB6A} = {79F477ED-E723-411D-8058-CF62FAFCE467}
	EndGlobalSection
	GlobalSection(ExtensibilityGlobals) = postSolution
		SolutionGuid = {9DB4AB89-10CB-4DAB-968D-540B9C4D0AF9}
	EndGlobalSection
EndGlobal
